
Microsoft Visual Studio Solution File, Format Version 12.00
# Visual Studio 2012
Project("{FAE04EC0-301F-11D3-BF4B-00C04F79EFBC}") = "DSP_lab5", "DSP_lab5\DSP_lab5.csproj", "{C56AB553-6270-4E79-AB10-18F77AA7525C}"
EndProject
Project("{FAE04EC0-301F-11D3-BF4B-00C04F79EFBC}") = "DSPbase", "DSPbase\DSPbase.csproj", "{1F28EACE-7582-4AAA-804C-1869FFC4894B}"
EndProject
Project("{FAE04EC0-301F-11D3-BF4B-00C04F79EFBC}") = "DSP_lab6", "DSP_lab6\DSP_lab6.csproj", "{F4F3B8F2-F6C4-4A86-BECD-BC308681AABE}"
EndProject
Project("{FAE04EC0-301F-11D3-BF4B-00C04F79EFBC}") = "DSP_lab7", "DSP_lab7\DSP_lab7.csproj", "{6ED2DF0D-02C5-42EC-948A-0309BB1C8849}"
EndProject
Project("{FAE04EC0-301F-11D3-BF4B-00C04F79EFBC}") = "DSP_lab8", "DSP_lab8\DSP_lab8.csproj", "{1AE7BF51-4FF5-4E7D-8307-E1C7CF093590}"
EndProject
Project("{FAE04EC0-301F-11D3-BF4B-00C04F79EFBC}") = "DSP_lab9", "DSP_lab9\DSP_lab9.csproj", "{6FBBEAE1-7C3D-4B0A-86C8-919D998BF90B}"
EndProject
Project("{FAE04EC0-301F-11D3-BF4B-00C04F79EFBC}") = "GoodRBF", "GoodRBF\GoodRBF.csproj", "{D239A7BA-0254-4DF3-959A-AB7A6E5066C1}"
EndProject
Global
	GlobalSection(SolutionConfigurationPlatforms) = preSolution
		Debug|Any CPU = Debug|Any CPU
		Debug|Mixed Platforms = Debug|Mixed Platforms
		Debug|x86 = Debug|x86
		Release|Any CPU = Release|Any CPU
		Release|Mixed Platforms = Release|Mixed Platforms
		Release|x86 = Release|x86
	EndGlobalSection
	GlobalSection(ProjectConfigurationPlatforms) = postSolution
		{C56AB553-6270-4E79-AB10-18F77AA7525C}.Debug|Any CPU.ActiveCfg = Debug|x86
		{C56AB553-6270-4E79-AB10-18F77AA7525C}.Debug|Mixed Platforms.ActiveCfg = Debug|x86
		{C56AB553-6270-4E79-AB10-18F77AA7525C}.Debug|Mixed Platforms.Build.0 = Debug|x86
		{C56AB553-6270-4E79-AB10-18F77AA7525C}.Debug|x86.ActiveCfg = Debug|x86
		{C56AB553-6270-4E79-AB10-18F77AA7525C}.Debug|x86.Build.0 = Debug|x86
		{C56AB553-6270-4E79-AB10-18F77AA7525C}.Release|Any CPU.ActiveCfg = Release|x86
		{C56AB553-6270-4E79-AB10-18F77AA7525C}.Release|Mixed Platforms.ActiveCfg = Release|x86
		{C56AB553-6270-4E79-AB10-18F77AA7525C}.Release|Mixed Platforms.Build.0 = Release|x86
		{C56AB553-6270-4E79-AB10-18F77AA7525C}.Release|x86.ActiveCfg = Release|x86
		{C56AB553-6270-4E79-AB10-18F77AA7525C}.Release|x86.Build.0 = Release|x86
		{1F28EACE-7582-4AAA-804C-1869FFC4894B}.Debug|Any CPU.ActiveCfg = Debug|Any CPU
		{1F28EACE-7582-4AAA-804C-1869FFC4894B}.Debug|Any CPU.Build.0 = Debug|Any CPU
		{1F28EACE-7582-4AAA-804C-1869FFC4894B}.Debug|Mixed Platforms.ActiveCfg = Debug|Any CPU
		{1F28EACE-7582-4AAA-804C-1869FFC4894B}.Debug|Mixed Platforms.Build.0 = Debug|Any CPU
		{1F28EACE-7582-4AAA-804C-1869FFC4894B}.Debug|x86.ActiveCfg = Debug|Any CPU
		{1F28EACE-7582-4AAA-804C-1869FFC4894B}.Release|Any CPU.ActiveCfg = Release|Any CPU
		{1F28EACE-7582-4AAA-804C-1869FFC4894B}.Release|Any CPU.Build.0 = Release|Any CPU
		{1F28EACE-7582-4AAA-804C-1869FFC4894B}.Release|Mixed Platforms.ActiveCfg = Release|Any CPU
		{1F28EACE-7582-4AAA-804C-1869FFC4894B}.Release|Mixed Platforms.Build.0 = Release|Any CPU
		{1F28EACE-7582-4AAA-804C-1869FFC4894B}.Release|x86.ActiveCfg = Release|Any CPU
		{F4F3B8F2-F6C4-4A86-BECD-BC308681AABE}.Debug|Any CPU.ActiveCfg = Debug|Any CPU
		{F4F3B8F2-F6C4-4A86-BECD-BC308681AABE}.Debug|Any CPU.Build.0 = Debug|Any CPU
		{F4F3B8F2-F6C4-4A86-BECD-BC308681AABE}.Debug|Mixed Platforms.ActiveCfg = Debug|Any CPU
		{F4F3B8F2-F6C4-4A86-BECD-BC308681AABE}.Debug|Mixed Platforms.Build.0 = Debug|Any CPU
		{F4F3B8F2-F6C4-4A86-BECD-BC308681AABE}.Debug|x86.ActiveCfg = Debug|Any CPU
		{F4F3B8F2-F6C4-4A86-BECD-BC308681AABE}.Release|Any CPU.ActiveCfg = Release|Any CPU
		{F4F3B8F2-F6C4-4A86-BECD-BC308681AABE}.Release|Any CPU.Build.0 = Release|Any CPU
		{F4F3B8F2-F6C4-4A86-BECD-BC308681AABE}.Release|Mixed Platforms.ActiveCfg = Release|Any CPU
		{F4F3B8F2-F6C4-4A86-BECD-BC308681AABE}.Release|Mixed Platforms.Build.0 = Release|Any CPU
		{F4F3B8F2-F6C4-4A86-BECD-BC308681AABE}.Release|x86.ActiveCfg = Release|Any CPU
		{6ED2DF0D-02C5-42EC-948A-0309BB1C8849}.Debug|Any CPU.ActiveCfg = Debug|Any CPU
		{6ED2DF0D-02C5-42EC-948A-0309BB1C8849}.Debug|Any CPU.Build.0 = Debug|Any CPU
		{6ED2DF0D-02C5-42EC-948A-0309BB1C8849}.Debug|Mixed Platforms.ActiveCfg = Debug|Any CPU
		{6ED2DF0D-02C5-42EC-948A-0309BB1C8849}.Debug|Mixed Platforms.Build.0 = Debug|Any CPU
		{6ED2DF0D-02C5-42EC-948A-0309BB1C8849}.Debug|x86.ActiveCfg = Debug|Any CPU
		{6ED2DF0D-02C5-42EC-948A-0309BB1C8849}.Release|Any CPU.ActiveCfg = Release|Any CPU
		{6ED2DF0D-02C5-42EC-948A-0309BB1C8849}.Release|Any CPU.Build.0 = Release|Any CPU
		{6ED2DF0D-02C5-42EC-948A-0309BB1C8849}.Release|Mixed Platforms.ActiveCfg = Release|Any CPU
		{6ED2DF0D-02C5-42EC-948A-0309BB1C8849}.Release|Mixed Platforms.Build.0 = Release|Any CPU
		{6ED2DF0D-02C5-42EC-948A-0309BB1C8849}.Release|x86.ActiveCfg = Release|Any CPU
		{1AE7BF51-4FF5-4E7D-8307-E1C7CF093590}.Debug|Any CPU.ActiveCfg = Debug|Any CPU
		{1AE7BF51-4FF5-4E7D-8307-E1C7CF093590}.Debug|Any CPU.Build.0 = Debug|Any CPU
		{1AE7BF51-4FF5-4E7D-8307-E1C7CF093590}.Debug|Mixed Platforms.ActiveCfg = Debug|Any CPU
		{1AE7BF51-4FF5-4E7D-8307-E1C7CF093590}.Debug|Mixed Platforms.Build.0 = Debug|Any CPU
		{1AE7BF51-4FF5-4E7D-8307-E1C7CF093590}.Debug|x86.ActiveCfg = Debug|Any CPU
		{1AE7BF51-4FF5-4E7D-8307-E1C7CF093590}.Release|Any CPU.ActiveCfg = Release|Any CPU
		{1AE7BF51-4FF5-4E7D-8307-E1C7CF093590}.Release|Any CPU.Build.0 = Release|Any CPU
		{1AE7BF51-4FF5-4E7D-8307-E1C7CF093590}.Release|Mixed Platforms.ActiveCfg = Release|Any CPU
		{1AE7BF51-4FF5-4E7D-8307-E1C7CF093590}.Release|Mixed Platforms.Build.0 = Release|Any CPU
		{1AE7BF51-4FF5-4E7D-8307-E1C7CF093590}.Release|x86.ActiveCfg = Release|Any CPU
		{6FBBEAE1-7C3D-4B0A-86C8-919D998BF90B}.Debug|Any CPU.ActiveCfg = Debug|Any CPU
		{6FBBEAE1-7C3D-4B0A-86C8-919D998BF90B}.Debug|Any CPU.Build.0 = Debug|Any CPU
		{6FBBEAE1-7C3D-4B0A-86C8-919D998BF90B}.Debug|Mixed Platforms.ActiveCfg = Debug|Any CPU
		{6FBBEAE1-7C3D-4B0A-86C8-919D998BF90B}.Debug|Mixed Platforms.Build.0 = Debug|Any CPU
		{6FBBEAE1-7C3D-4B0A-86C8-919D998BF90B}.Debug|x86.ActiveCfg = Debug|Any CPU
		{6FBBEAE1-7C3D-4B0A-86C8-919D998BF90B}.Release|Any CPU.ActiveCfg = Release|Any CPU
		{6FBBEAE1-7C3D-4B0A-86C8-919D998BF90B}.Release|Any CPU.Build.0 = Release|Any CPU
		{6FBBEAE1-7C3D-4B0A-86C8-919D998BF90B}.Release|Mixed Platforms.ActiveCfg = Release|Any CPU
		{6FBBEAE1-7C3D-4B0A-86C8-919D998BF90B}.Release|Mixed Platforms.Build.0 = Release|Any CPU
		{6FBBEAE1-7C3D-4B0A-86C8-919D998BF90B}.Release|x86.ActiveCfg = Release|Any CPU
		{D239A7BA-0254-4DF3-959A-AB7A6E5066C1}.Debug|Any CPU.ActiveCfg = Debug|Any CPU
		{D239A7BA-0254-4DF3-959A-AB7A6E5066C1}.Debug|Any CPU.Build.0 = Debug|Any CPU
		{D239A7BA-0254-4DF3-959A-AB7A6E5066C1}.Debug|Mixed Platforms.ActiveCfg = Debug|Any CPU
		{D239A7BA-0254-4DF3-959A-AB7A6E5066C1}.Debug|Mixed Platforms.Build.0 = Debug|Any CPU
		{D239A7BA-0254-4DF3-959A-AB7A6E5066C1}.Debug|x86.ActiveCfg = Debug|Any CPU
		{D239A7BA-0254-4DF3-959A-AB7A6E5066C1}.Release|Any CPU.ActiveCfg = Release|Any CPU
		{D239A7BA-0254-4DF3-959A-AB7A6E5066C1}.Release|Any CPU.Build.0 = Release|Any CPU
		{D239A7BA-0254-4DF3-959A-AB7A6E5066C1}.Release|Mixed Platforms.ActiveCfg = Release|Any CPU
		{D239A7BA-0254-4DF3-959A-AB7A6E5066C1}.Release|Mixed Platforms.Build.0 = Release|Any CPU
		{D239A7BA-0254-4DF3-959A-AB7A6E5066C1}.Release|x86.ActiveCfg = Release|Any CPU
	EndGlobalSection
	GlobalSection(SolutionProperties) = preSolution
		HideSolutionNode = FALSE
	EndGlobalSection
EndGlobal
