
Microsoft Visual Studio Solution File, Format Version 12.00
# Visual Studio 2012
Project("{FAE04EC0-301F-11D3-BF4B-00C04F79EFBC}") = "DSP_lab5", "DSP_lab5\DSP_lab5.csproj", "{C56AB553-6270-4E79-AB10-18F77AA7525C}"
EndProject
Project("{FAE04EC0-301F-11D3-BF4B-00C04F79EFBC}") = "DSPbase", "DSPbase\DSPbase.csproj", "{1F28EACE-7582-4AAA-804C-1869FFC4894B}"
EndProject
Project("{FAE04EC0-301F-11D3-BF4B-00C04F79EFBC}") = "DSP_lab6", "DSP_lab6\DSP_lab6.csproj", "{F4F3B8F2-F6C4-4A86-BECD-BC308681AABE}"
EndProject
Global
	GlobalSection(SolutionConfigurationPlatforms) = preSolution
		Debug|Any CPU = Debug|Any CPU
		Debug|Mixed Platforms = Debug|Mixed Platforms
		Debug|x86 = Debug|x86
		Release|Any CPU = Release|Any CPU
		Release|Mixed Platforms = Release|Mixed Platforms
		Release|x86 = Release|x86
	EndGlobalSection
	GlobalSection(ProjectConfigurationPlatforms) = postSolution
		{C56AB553-6270-4E79-AB10-18F77AA7525C}.Debug|Any CPU.ActiveCfg = Debug|x86
		{C56AB553-6270-4E79-AB10-18F77AA7525C}.Debug|Mixed Platforms.ActiveCfg = Debug|x86
		{C56AB553-6270-4E79-AB10-18F77AA7525C}.Debug|Mixed Platforms.Build.0 = Debug|x86
		{C56AB553-6270-4E79-AB10-18F77AA7525C}.Debug|x86.ActiveCfg = Debug|x86
		{C56AB553-6270-4E79-AB10-18F77AA7525C}.Debug|x86.Build.0 = Debug|x86
		{C56AB553-6270-4E79-AB10-18F77AA7525C}.Release|Any CPU.ActiveCfg = Release|x86
		{C56AB553-6270-4E79-AB10-18F77AA7525C}.Release|Mixed Platforms.ActiveCfg = Release|x86
		{C56AB553-6270-4E79-AB10-18F77AA7525C}.Release|Mixed Platforms.Build.0 = Release|x86
		{C56AB553-6270-4E79-AB10-18F77AA7525C}.Release|x86.ActiveCfg = Release|x86
		{C56AB553-6270-4E79-AB10-18F77AA7525C}.Release|x86.Build.0 = Release|x86
		{1F28EACE-7582-4AAA-804C-1869FFC4894B}.Debug|Any CPU.ActiveCfg = Debug|Any CPU
		{1F28EACE-7582-4AAA-804C-1869FFC4894B}.Debug|Any CPU.Build.0 = Debug|Any CPU
		{1F28EACE-7582-4AAA-804C-1869FFC4894B}.Debug|Mixed Platforms.ActiveCfg = Debug|Any CPU
		{1F28EACE-7582-4AAA-804C-1869FFC4894B}.Debug|Mixed Platforms.Build.0 = Debug|Any CPU
		{1F28EACE-7582-4AAA-804C-1869FFC4894B}.Debug|x86.ActiveCfg = Debug|Any CPU
		{1F28EACE-7582-4AAA-804C-1869FFC4894B}.Release|Any CPU.ActiveCfg = Release|Any CPU
		{1F28EACE-7582-4AAA-804C-1869FFC4894B}.Release|Any CPU.Build.0 = Release|Any CPU
		{1F28EACE-7582-4AAA-804C-1869FFC4894B}.Release|Mixed Platforms.ActiveCfg = Release|Any CPU
		{1F28EACE-7582-4AAA-804C-1869FFC4894B}.Release|Mixed Platforms.Build.0 = Release|Any CPU
		{1F28EACE-7582-4AAA-804C-1869FFC4894B}.Release|x86.ActiveCfg = Release|Any CPU
		{F4F3B8F2-F6C4-4A86-BECD-BC308681AABE}.Debug|Any CPU.ActiveCfg = Debug|Any CPU
		{F4F3B8F2-F6C4-4A86-BECD-BC308681AABE}.Debug|Any CPU.Build.0 = Debug|Any CPU
		{F4F3B8F2-F6C4-4A86-BECD-BC308681AABE}.Debug|Mixed Platforms.ActiveCfg = Debug|Any CPU
		{F4F3B8F2-F6C4-4A86-BECD-BC308681AABE}.Debug|Mixed Platforms.Build.0 = Debug|Any CPU
		{F4F3B8F2-F6C4-4A86-BECD-BC308681AABE}.Debug|x86.ActiveCfg = Debug|Any CPU
		{F4F3B8F2-F6C4-4A86-BECD-BC308681AABE}.Release|Any CPU.ActiveCfg = Release|Any CPU
		{F4F3B8F2-F6C4-4A86-BECD-BC308681AABE}.Release|Any CPU.Build.0 = Release|Any CPU
		{F4F3B8F2-F6C4-4A86-BECD-BC308681AABE}.Release|Mixed Platforms.ActiveCfg = Release|Any CPU
		{F4F3B8F2-F6C4-4A86-BECD-BC308681AABE}.Release|Mixed Platforms.Build.0 = Release|Any CPU
		{F4F3B8F2-F6C4-4A86-BECD-BC308681AABE}.Release|x86.ActiveCfg = Release|Any CPU
	EndGlobalSection
	GlobalSection(SolutionProperties) = preSolution
		HideSolutionNode = FALSE
	EndGlobalSection
EndGlobal
